
Microsoft Visual Studio Solution File, Format Version 12.00
# Visual Studio 14
VisualStudioVersion = 14.0.24720.0
MinimumVisualStudioVersion = 10.0.40219.1
Project("{2150E333-8FDC-42A3-9474-1A3956D46DE8}") = "TiltyRocket_VS.Android.Application", "TiltyRocket_VS.Android.Application", "{DC7D913E-CA03-4723-8695-1ED39BAFB997}"
EndProject
Project("{39E2626F-3545-4960-A6E8-258AD8476CE5}") = "TiltyRocket_VS.Android.Application", "TiltyRocket_VS\TiltyRocket_VS.Android.Application\TiltyRocket_VS.Android.Application.androidproj", "{F27ABC13-97AC-4B22-8436-8746B6C4B985}"
EndProject
Project("{8BC9CEB8-8B4A-11D0-8D11-00A0C91BC942}") = "TiltyRocket_VS.Android.NativeActivity", "TiltyRocket_VS\TiltyRocket_VS.Android.NativeActivity\TiltyRocket_VS.Android.NativeActivity.vcxproj", "{E173A4B0-B371-4A18-BE00-8963839A626F}"
EndProject
Project("{740547C8-F205-44CF-8284-0B59C7DD69BD}") = "TiltyRocket_VS.iOS.Application", "TiltyRocket_VS\TiltyRocket_VS.iOS.Application\TiltyRocket_VS.iOS.Application.xcodeproj\project.pbxproj", "{70AC0C9D-AB4C-4C82-B610-F23D7BF63EF0}"
EndProject
Project("{8BC9CEB8-8B4A-11D0-8D11-00A0C91BC942}") = "TiltyRocket_VS.WindowsUniversal.Application", "TiltyRocket_VS\TiltyRocket_VS.WindowsUniversal.Application\TiltyRocket_VS.WindowsUniversal.Application.vcxproj", "{333D0A9B-9A5B-4AF7-9946-7F0EAD58A67C}"
EndProject
Project("{2150E333-8FDC-42A3-9474-1A3956D46DE8}") = "Library", "Library", "{31388FDB-D4E7-4954-A215-FC0D4E3540ED}"
EndProject
Project("{8BC9CEB8-8B4A-11D0-8D11-00A0C91BC942}") = "TiltyRocket_VS.Shared", "TiltyRocket_VS\TiltyRocket_VS.Shared\TiltyRocket_VS.Shared.vcxitems", "{A68F27E9-0222-4810-A3B3-087CB9DBA84E}"
EndProject
Project("{8BC9CEB8-8B4A-11D0-8D11-00A0C91BC942}") = "TiltyRocket_VS.Android.StaticLibrary", "TiltyRocket_VS\TiltyRocket_VS.Android.StaticLibrary\TiltyRocket_VS.Android.StaticLibrary.vcxproj", "{C2395B0D-26FA-4300-8A2F-59CB891F1551}"
EndProject
Project("{8BC9CEB8-8B4A-11D0-8D11-00A0C91BC942}") = "TiltyRocket_VS.iOS.StaticLibrary", "TiltyRocket_VS\TiltyRocket_VS.iOS.StaticLibrary\TiltyRocket_VS.iOS.StaticLibrary.vcxproj", "{A11E0988-5618-4EDC-AF81-9B6161B107C8}"
EndProject
Project("{8BC9CEB8-8B4A-11D0-8D11-00A0C91BC942}") = "TiltyRocket_VS.WindowsUniversal.StaticLibrary", "TiltyRocket_VS\TiltyRocket_VS.WindowsUniversal.StaticLibrary\TiltyRocket_VS.WindowsUniversal.StaticLibrary.vcxproj", "{F519D80C-D072-4188-9225-F8498D6669F5}"
EndProject
Global
	GlobalSection(SharedMSBuildProjectFiles) = preSolution
		TiltyRocket_VS\TiltyRocket_VS.Shared\TiltyRocket_VS.Shared.vcxitems*{a68f27e9-0222-4810-a3b3-087cb9dba84e}*SharedItemsImports = 9
		TiltyRocket_VS\TiltyRocket_VS.Shared\TiltyRocket_VS.Shared.vcxitems*{c2395b0d-26fa-4300-8a2f-59cb891f1551}*SharedItemsImports = 4
		TiltyRocket_VS\TiltyRocket_VS.Shared\TiltyRocket_VS.Shared.vcxitems*{f519d80c-d072-4188-9225-f8498d6669f5}*SharedItemsImports = 4
		TiltyRocket_VS\TiltyRocket_VS.Shared\TiltyRocket_VS.Shared.vcxitems*{a11e0988-5618-4edc-af81-9b6161b107c8}*SharedItemsImports = 4
	EndGlobalSection
	GlobalSection(SolutionConfigurationPlatforms) = preSolution
		Debug|ARM = Debug|ARM
		Debug|ARM64 = Debug|ARM64
		Debug|x64 = Debug|x64
		Debug|x86 = Debug|x86
		Release|ARM = Release|ARM
		Release|ARM64 = Release|ARM64
		Release|x64 = Release|x64
		Release|x86 = Release|x86
	EndGlobalSection
	GlobalSection(ProjectConfigurationPlatforms) = postSolution
		{F27ABC13-97AC-4B22-8436-8746B6C4B985}.Debug|ARM.ActiveCfg = Debug|ARM
		{F27ABC13-97AC-4B22-8436-8746B6C4B985}.Debug|ARM.Build.0 = Debug|ARM
		{F27ABC13-97AC-4B22-8436-8746B6C4B985}.Debug|ARM.Deploy.0 = Debug|ARM
		{F27ABC13-97AC-4B22-8436-8746B6C4B985}.Debug|ARM64.ActiveCfg = Debug|ARM64
		{F27ABC13-97AC-4B22-8436-8746B6C4B985}.Debug|ARM64.Build.0 = Debug|ARM64
		{F27ABC13-97AC-4B22-8436-8746B6C4B985}.Debug|ARM64.Deploy.0 = Debug|ARM64
		{F27ABC13-97AC-4B22-8436-8746B6C4B985}.Debug|x64.ActiveCfg = Debug|x64
		{F27ABC13-97AC-4B22-8436-8746B6C4B985}.Debug|x64.Build.0 = Debug|x64
		{F27ABC13-97AC-4B22-8436-8746B6C4B985}.Debug|x64.Deploy.0 = Debug|x64
		{F27ABC13-97AC-4B22-8436-8746B6C4B985}.Debug|x86.ActiveCfg = Debug|x86
		{F27ABC13-97AC-4B22-8436-8746B6C4B985}.Debug|x86.Build.0 = Debug|x86
		{F27ABC13-97AC-4B22-8436-8746B6C4B985}.Debug|x86.Deploy.0 = Debug|x86
		{F27ABC13-97AC-4B22-8436-8746B6C4B985}.Release|ARM.ActiveCfg = Release|ARM
		{F27ABC13-97AC-4B22-8436-8746B6C4B985}.Release|ARM.Build.0 = Release|ARM
		{F27ABC13-97AC-4B22-8436-8746B6C4B985}.Release|ARM.Deploy.0 = Release|ARM
		{F27ABC13-97AC-4B22-8436-8746B6C4B985}.Release|ARM64.ActiveCfg = Release|ARM64
		{F27ABC13-97AC-4B22-8436-8746B6C4B985}.Release|ARM64.Build.0 = Release|ARM64
		{F27ABC13-97AC-4B22-8436-8746B6C4B985}.Release|ARM64.Deploy.0 = Release|ARM64
		{F27ABC13-97AC-4B22-8436-8746B6C4B985}.Release|x64.ActiveCfg = Release|x64
		{F27ABC13-97AC-4B22-8436-8746B6C4B985}.Release|x64.Build.0 = Release|x64
		{F27ABC13-97AC-4B22-8436-8746B6C4B985}.Release|x64.Deploy.0 = Release|x64
		{F27ABC13-97AC-4B22-8436-8746B6C4B985}.Release|x86.ActiveCfg = Release|x86
		{F27ABC13-97AC-4B22-8436-8746B6C4B985}.Release|x86.Build.0 = Release|x86
		{F27ABC13-97AC-4B22-8436-8746B6C4B985}.Release|x86.Deploy.0 = Release|x86
		{E173A4B0-B371-4A18-BE00-8963839A626F}.Debug|ARM.ActiveCfg = Debug|ARM
		{E173A4B0-B371-4A18-BE00-8963839A626F}.Debug|ARM.Build.0 = Debug|ARM
		{E173A4B0-B371-4A18-BE00-8963839A626F}.Debug|ARM64.ActiveCfg = Debug|ARM64
		{E173A4B0-B371-4A18-BE00-8963839A626F}.Debug|ARM64.Build.0 = Debug|ARM64
		{E173A4B0-B371-4A18-BE00-8963839A626F}.Debug|x64.ActiveCfg = Debug|x64
		{E173A4B0-B371-4A18-BE00-8963839A626F}.Debug|x64.Build.0 = Debug|x64
		{E173A4B0-B371-4A18-BE00-8963839A626F}.Debug|x86.ActiveCfg = Debug|x86
		{E173A4B0-B371-4A18-BE00-8963839A626F}.Debug|x86.Build.0 = Debug|x86
		{E173A4B0-B371-4A18-BE00-8963839A626F}.Release|ARM.ActiveCfg = Release|ARM
		{E173A4B0-B371-4A18-BE00-8963839A626F}.Release|ARM.Build.0 = Release|ARM
		{E173A4B0-B371-4A18-BE00-8963839A626F}.Release|ARM64.ActiveCfg = Release|ARM64
		{E173A4B0-B371-4A18-BE00-8963839A626F}.Release|ARM64.Build.0 = Release|ARM64
		{E173A4B0-B371-4A18-BE00-8963839A626F}.Release|x64.ActiveCfg = Release|x64
		{E173A4B0-B371-4A18-BE00-8963839A626F}.Release|x64.Build.0 = Release|x64
		{E173A4B0-B371-4A18-BE00-8963839A626F}.Release|x86.ActiveCfg = Release|x86
		{E173A4B0-B371-4A18-BE00-8963839A626F}.Release|x86.Build.0 = Release|x86
		{70AC0C9D-AB4C-4C82-B610-F23D7BF63EF0}.Debug|ARM.ActiveCfg = Debug|ARM
		{70AC0C9D-AB4C-4C82-B610-F23D7BF63EF0}.Debug|ARM.Build.0 = Debug|ARM
		{70AC0C9D-AB4C-4C82-B610-F23D7BF63EF0}.Debug|ARM.Deploy.0 = Debug|ARM
		{70AC0C9D-AB4C-4C82-B610-F23D7BF63EF0}.Debug|ARM64.ActiveCfg = Debug|ARM64
		{70AC0C9D-AB4C-4C82-B610-F23D7BF63EF0}.Debug|ARM64.Build.0 = Debug|ARM64
		{70AC0C9D-AB4C-4C82-B610-F23D7BF63EF0}.Debug|ARM64.Deploy.0 = Debug|ARM64
		{70AC0C9D-AB4C-4C82-B610-F23D7BF63EF0}.Debug|x64.ActiveCfg = Debug|x64
		{70AC0C9D-AB4C-4C82-B610-F23D7BF63EF0}.Debug|x64.Build.0 = Debug|x64
		{70AC0C9D-AB4C-4C82-B610-F23D7BF63EF0}.Debug|x64.Deploy.0 = Debug|x64
		{70AC0C9D-AB4C-4C82-B610-F23D7BF63EF0}.Debug|x86.ActiveCfg = Debug|x86
		{70AC0C9D-AB4C-4C82-B610-F23D7BF63EF0}.Debug|x86.Build.0 = Debug|x86
		{70AC0C9D-AB4C-4C82-B610-F23D7BF63EF0}.Debug|x86.Deploy.0 = Debug|x86
		{70AC0C9D-AB4C-4C82-B610-F23D7BF63EF0}.Release|ARM.ActiveCfg = Release|ARM
		{70AC0C9D-AB4C-4C82-B610-F23D7BF63EF0}.Release|ARM.Build.0 = Release|ARM
		{70AC0C9D-AB4C-4C82-B610-F23D7BF63EF0}.Release|ARM.Deploy.0 = Release|ARM
		{70AC0C9D-AB4C-4C82-B610-F23D7BF63EF0}.Release|ARM64.ActiveCfg = Release|ARM64
		{70AC0C9D-AB4C-4C82-B610-F23D7BF63EF0}.Release|ARM64.Build.0 = Release|ARM64
		{70AC0C9D-AB4C-4C82-B610-F23D7BF63EF0}.Release|ARM64.Deploy.0 = Release|ARM64
		{70AC0C9D-AB4C-4C82-B610-F23D7BF63EF0}.Release|x64.ActiveCfg = Release|x64
		{70AC0C9D-AB4C-4C82-B610-F23D7BF63EF0}.Release|x64.Build.0 = Release|x64
		{70AC0C9D-AB4C-4C82-B610-F23D7BF63EF0}.Release|x64.Deploy.0 = Release|x64
		{70AC0C9D-AB4C-4C82-B610-F23D7BF63EF0}.Release|x86.ActiveCfg = Release|x86
		{70AC0C9D-AB4C-4C82-B610-F23D7BF63EF0}.Release|x86.Build.0 = Release|x86
		{70AC0C9D-AB4C-4C82-B610-F23D7BF63EF0}.Release|x86.Deploy.0 = Release|x86
		{333D0A9B-9A5B-4AF7-9946-7F0EAD58A67C}.Debug|ARM.ActiveCfg = Debug|ARM
		{333D0A9B-9A5B-4AF7-9946-7F0EAD58A67C}.Debug|ARM.Build.0 = Debug|ARM
		{333D0A9B-9A5B-4AF7-9946-7F0EAD58A67C}.Debug|ARM.Deploy.0 = Debug|ARM
		{333D0A9B-9A5B-4AF7-9946-7F0EAD58A67C}.Debug|ARM64.ActiveCfg = Debug|Win32
		{333D0A9B-9A5B-4AF7-9946-7F0EAD58A67C}.Debug|x64.ActiveCfg = Debug|x64
		{333D0A9B-9A5B-4AF7-9946-7F0EAD58A67C}.Debug|x64.Build.0 = Debug|x64
		{333D0A9B-9A5B-4AF7-9946-7F0EAD58A67C}.Debug|x64.Deploy.0 = Debug|x64
		{333D0A9B-9A5B-4AF7-9946-7F0EAD58A67C}.Debug|x86.ActiveCfg = Debug|Win32
		{333D0A9B-9A5B-4AF7-9946-7F0EAD58A67C}.Debug|x86.Build.0 = Debug|Win32
		{333D0A9B-9A5B-4AF7-9946-7F0EAD58A67C}.Debug|x86.Deploy.0 = Debug|Win32
		{333D0A9B-9A5B-4AF7-9946-7F0EAD58A67C}.Release|ARM.ActiveCfg = Release|ARM
		{333D0A9B-9A5B-4AF7-9946-7F0EAD58A67C}.Release|ARM.Build.0 = Release|ARM
		{333D0A9B-9A5B-4AF7-9946-7F0EAD58A67C}.Release|ARM.Deploy.0 = Release|ARM
		{333D0A9B-9A5B-4AF7-9946-7F0EAD58A67C}.Release|ARM64.ActiveCfg = Release|Win32
		{333D0A9B-9A5B-4AF7-9946-7F0EAD58A67C}.Release|x64.ActiveCfg = Release|x64
		{333D0A9B-9A5B-4AF7-9946-7F0EAD58A67C}.Release|x64.Build.0 = Release|x64
		{333D0A9B-9A5B-4AF7-9946-7F0EAD58A67C}.Release|x64.Deploy.0 = Release|x64
		{333D0A9B-9A5B-4AF7-9946-7F0EAD58A67C}.Release|x86.ActiveCfg = Release|Win32
		{333D0A9B-9A5B-4AF7-9946-7F0EAD58A67C}.Release|x86.Build.0 = Release|Win32
		{333D0A9B-9A5B-4AF7-9946-7F0EAD58A67C}.Release|x86.Deploy.0 = Release|Win32
		{C2395B0D-26FA-4300-8A2F-59CB891F1551}.Debug|ARM.ActiveCfg = Debug|ARM
		{C2395B0D-26FA-4300-8A2F-59CB891F1551}.Debug|ARM.Build.0 = Debug|ARM
		{C2395B0D-26FA-4300-8A2F-59CB891F1551}.Debug|ARM64.ActiveCfg = Debug|ARM64
		{C2395B0D-26FA-4300-8A2F-59CB891F1551}.Debug|ARM64.Build.0 = Debug|ARM64
		{C2395B0D-26FA-4300-8A2F-59CB891F1551}.Debug|x64.ActiveCfg = Debug|x64
		{C2395B0D-26FA-4300-8A2F-59CB891F1551}.Debug|x64.Build.0 = Debug|x64
		{C2395B0D-26FA-4300-8A2F-59CB891F1551}.Debug|x86.ActiveCfg = Debug|x86
		{C2395B0D-26FA-4300-8A2F-59CB891F1551}.Debug|x86.Build.0 = Debug|x86
		{C2395B0D-26FA-4300-8A2F-59CB891F1551}.Release|ARM.ActiveCfg = Release|ARM
		{C2395B0D-26FA-4300-8A2F-59CB891F1551}.Release|ARM.Build.0 = Release|ARM
		{C2395B0D-26FA-4300-8A2F-59CB891F1551}.Release|ARM64.ActiveCfg = Release|ARM64
		{C2395B0D-26FA-4300-8A2F-59CB891F1551}.Release|ARM64.Build.0 = Release|ARM64
		{C2395B0D-26FA-4300-8A2F-59CB891F1551}.Release|x64.ActiveCfg = Release|x64
		{C2395B0D-26FA-4300-8A2F-59CB891F1551}.Release|x64.Build.0 = Release|x64
		{C2395B0D-26FA-4300-8A2F-59CB891F1551}.Release|x86.ActiveCfg = Release|x86
		{C2395B0D-26FA-4300-8A2F-59CB891F1551}.Release|x86.Build.0 = Release|x86
		{A11E0988-5618-4EDC-AF81-9B6161B107C8}.Debug|ARM.ActiveCfg = Debug|ARM
		{A11E0988-5618-4EDC-AF81-9B6161B107C8}.Debug|ARM.Build.0 = Debug|ARM
		{A11E0988-5618-4EDC-AF81-9B6161B107C8}.Debug|ARM64.ActiveCfg = Debug|ARM64
		{A11E0988-5618-4EDC-AF81-9B6161B107C8}.Debug|ARM64.Build.0 = Debug|ARM64
		{A11E0988-5618-4EDC-AF81-9B6161B107C8}.Debug|x64.ActiveCfg = Debug|x64
		{A11E0988-5618-4EDC-AF81-9B6161B107C8}.Debug|x64.Build.0 = Debug|x64
		{A11E0988-5618-4EDC-AF81-9B6161B107C8}.Debug|x86.ActiveCfg = Debug|x86
		{A11E0988-5618-4EDC-AF81-9B6161B107C8}.Debug|x86.Build.0 = Debug|x86
		{A11E0988-5618-4EDC-AF81-9B6161B107C8}.Release|ARM.ActiveCfg = Release|ARM
		{A11E0988-5618-4EDC-AF81-9B6161B107C8}.Release|ARM.Build.0 = Release|ARM
		{A11E0988-5618-4EDC-AF81-9B6161B107C8}.Release|ARM64.ActiveCfg = Release|ARM64
		{A11E0988-5618-4EDC-AF81-9B6161B107C8}.Release|ARM64.Build.0 = Release|ARM64
		{A11E0988-5618-4EDC-AF81-9B6161B107C8}.Release|x64.ActiveCfg = Release|x64
		{A11E0988-5618-4EDC-AF81-9B6161B107C8}.Release|x64.Build.0 = Release|x64
		{A11E0988-5618-4EDC-AF81-9B6161B107C8}.Release|x86.ActiveCfg = Release|x86
		{A11E0988-5618-4EDC-AF81-9B6161B107C8}.Release|x86.Build.0 = Release|x86
		{F519D80C-D072-4188-9225-F8498D6669F5}.Debug|ARM.ActiveCfg = Debug|ARM
		{F519D80C-D072-4188-9225-F8498D6669F5}.Debug|ARM.Build.0 = Debug|ARM
		{F519D80C-D072-4188-9225-F8498D6669F5}.Debug|ARM64.ActiveCfg = Debug|Win32
		{F519D80C-D072-4188-9225-F8498D6669F5}.Debug|x64.ActiveCfg = Debug|x64
		{F519D80C-D072-4188-9225-F8498D6669F5}.Debug|x64.Build.0 = Debug|x64
		{F519D80C-D072-4188-9225-F8498D6669F5}.Debug|x86.ActiveCfg = Debug|Win32
		{F519D80C-D072-4188-9225-F8498D6669F5}.Debug|x86.Build.0 = Debug|Win32
		{F519D80C-D072-4188-9225-F8498D6669F5}.Release|ARM.ActiveCfg = Release|ARM
		{F519D80C-D072-4188-9225-F8498D6669F5}.Release|ARM.Build.0 = Release|ARM
		{F519D80C-D072-4188-9225-F8498D6669F5}.Release|ARM64.ActiveCfg = Release|Win32
		{F519D80C-D072-4188-9225-F8498D6669F5}.Release|x64.ActiveCfg = Release|x64
		{F519D80C-D072-4188-9225-F8498D6669F5}.Release|x64.Build.0 = Release|x64
		{F519D80C-D072-4188-9225-F8498D6669F5}.Release|x86.ActiveCfg = Release|Win32
		{F519D80C-D072-4188-9225-F8498D6669F5}.Release|x86.Build.0 = Release|Win32
	EndGlobalSection
	GlobalSection(SolutionProperties) = preSolution
		HideSolutionNode = FALSE
	EndGlobalSection
	GlobalSection(NestedProjects) = preSolution
		{F27ABC13-97AC-4B22-8436-8746B6C4B985} = {DC7D913E-CA03-4723-8695-1ED39BAFB997}
		{E173A4B0-B371-4A18-BE00-8963839A626F} = {DC7D913E-CA03-4723-8695-1ED39BAFB997}
		{A68F27E9-0222-4810-A3B3-087CB9DBA84E} = {31388FDB-D4E7-4954-A215-FC0D4E3540ED}
		{C2395B0D-26FA-4300-8A2F-59CB891F1551} = {31388FDB-D4E7-4954-A215-FC0D4E3540ED}
		{A11E0988-5618-4EDC-AF81-9B6161B107C8} = {31388FDB-D4E7-4954-A215-FC0D4E3540ED}
		{F519D80C-D072-4188-9225-F8498D6669F5} = {31388FDB-D4E7-4954-A215-FC0D4E3540ED}
	EndGlobalSection
EndGlobal
